{
    "_meta": {
        "hash": {
            "sha256": "b6e53c68a706bbb099fbdf5f2d095e86565a06d369c2f2602ff4b9efa3fd3ad2"
        },
        "pipfile-spec": 6,
        "requires": {
            "python_version": "3.13"
        },
        "sources": [
            {
                "name": "pypi",
                "url": "https://pypi.org/simple",
                "verify_ssl": true
            }
        ]
    },
    "default": {
        "attrs": {
            "hashes": [
                "sha256:5cfb1b9148b5b086569baec03f20d7b6bf3bcacc9a42bebf87ffaaca362f6346",
                "sha256:81921eb96de3191c8258c199618104dd27ac608d9366f5e35d011eae1867ede2"
            ],
            "markers": "python_version >= '3.7'",
            "version": "==24.2.0"
        },
        "cattrs": {
            "hashes": [
                "sha256:67c7495b760168d931a10233f979b28dc04daf853b30752246f4f8471c6d68d0",
                "sha256:8028cfe1ff5382df59dd36474a86e02d817b06eaf8af84555441bac915d2ef85"
            ],
            "markers": "python_version >= '3.8'",
            "version": "==24.1.2"
        },
        "importlib-resources": {
            "hashes": [
                "sha256:980862a1d16c9e147a59603677fa2aa5fd82b87f223b6cb870695bcfce830065",
                "sha256:ac29d5f956f01d5e4bb63102a5a19957f1b9175e45649977264a1416783bb717"
            ],
            "markers": "python_version >= '3.8'",
            "version": "==6.4.5"
        },
        "jsii": {
            "hashes": [
                "sha256:435682d509e628e6f8a765b017102e6fcd553f4d0f6b3417b3f7eb295c2e0d1f",
                "sha256:8888088479b449db6d8e3a7df25434ec4580bf4fc13f4f952e9db5f2a3fc0c0f"
            ],
            "markers": "python_version ~= '3.8'",
            "version": "==1.105.0"
        },
        "mexc-sdk": {
            "file": "..\\mexc-api-sdk\\dist\\python\\mexc_sdk-1.0.0-py3-none-any.whl",
            "hashes": [
                "sha256:76bb2c773a201023fa0c4153259fdf994e5810df8462080b3e8fcb4eaec95b38"
            ]
        },
        "publication": {
            "hashes": [
                "sha256:0248885351febc11d8a1098d5c8e3ab2dabcf3e8c0c96db1e17ecd12b53afbe6",
                "sha256:68416a0de76dddcdd2930d1c8ef853a743cc96c82416c4e4d3b5d901c6276dc4"
            ],
            "version": "==0.0.3"
        },
        "python-dateutil": {
            "hashes": [
                "sha256:37dd54208da7e1cd875388217d5e00ebd4179249f90fb72437e91a35459a0ad3",
                "sha256:a8b2bc7bffae282281c8140a97d3aa9c14da0b136dfe83f850eea9a5f7470427"
            ],
            "markers": "python_version >= '2.7' and python_version not in '3.0, 3.1, 3.2'",
            "version": "==2.9.0.post0"
        },
        "python-dotenv": {
            "hashes": [
                "sha256:e324ee90a023d808f1959c46bcbc04446a10ced277783dc6ee09987c37ec10ca",
                "sha256:f7b63ef50f1b690dddf550d03497b66d609393b40b564ed0d674909a68ebf16a"
            ],
            "index": "pypi",
            "markers": "python_version >= '3.8'",
            "version": "==1.0.1"
        },
        "six": {
            "hashes": [
                "sha256:1e61c37477a1626458e36f7b1d82aa5c9b094fa4802892072e49de9c60c4c926",
                "sha256:8abb2f1d86890a2dfb989f9a77cfcfd3e47c2a354b01111771326f8aa26e0254"
            ],
            "markers": "python_version >= '2.7' and python_version not in '3.0, 3.1, 3.2'",
            "version": "==1.16.0"
        },
        "typeguard": {
            "hashes": [
                "sha256:0d22a89d00b453b47c49875f42b6601b961757541a2e1e0ef517b6e24213c21b",
                "sha256:9324ec07a27ec67fc54a9c063020ca4c0ae6abad5e9f0f9804ca59aee68c6e21"
            ],
            "markers": "python_version >= '3.9'",
            "version": "==4.4.1"
        },
        "typing-extensions": {
            "hashes": [
                "sha256:04e5ca0351e0f3f85c6853954072df659d0d13fac324d0072316b67d7794700d",
                "sha256:1a7ead55c7e559dd4dee8856e3a88b41225abfe1ce8df57b7c13915fe121ffb8"
            ],
            "markers": "python_version >= '3.8'",
            "version": "==4.12.2"
        }
    },
    "develop": {}
}
